{
  "requires": true,
  "lockfileVersion": 1,
  "dependencies": {
    "ajax-caching": {
      "version": "0.1.2",
      "resolved": "https://registry.npmjs.org/ajax-caching/-/ajax-caching-0.1.2.tgz",
      "integrity": "sha512-sR4BataOHBqyhzfjhY6XlmaL6ifysUn1YwoN2PoToKwB0vGZ0G8opPMiBwQfIZ4MGc1YX4M3UlZzGnXcsIE88Q==",
      "requires": {
        "kv-idb": "^1.1.0"
      }
    },
    "any-promise": {
      "version": "1.3.0",
      "resolved": "https://registry.npmjs.org/any-promise/-/any-promise-1.3.0.tgz",
      "integrity": "sha1-q8av7tzqUugJzcA3au0845Y10X8="
    },
    "bindings": {
      "version": "1.5.0",
      "resolved": "https://registry.npmjs.org/bindings/-/bindings-1.5.0.tgz",
      "integrity": "sha512-p2q/t/mhvuOj/UeLlV6566GD/guowlr0hHxClI0W9m7MWYkL1F0hLo+0Aexs9HSPCtR1SXQ0TD3MMKrXZajbiQ==",
      "requires": {
        "file-uri-to-path": "1.0.0"
      }
    },
    "debug": {
      "version": "2.6.9",
      "resolved": "https://registry.npmjs.org/debug/-/debug-2.6.9.tgz",
      "integrity": "sha512-bC7ElrdJaJnPbAP+1EotYvqZsb3ecl5wi6Bfi6BJTUcNowp6cvspg0jXznRTKDjm/E7AdgFBVeAPVMNcKGsHMA==",
      "requires": {
        "ms": "2.0.0"
      }
    },
    "file-uri-to-path": {
      "version": "1.0.0",
      "resolved": "https://registry.npmjs.org/file-uri-to-path/-/file-uri-to-path-1.0.0.tgz",
      "integrity": "sha512-0Zt+s3L7Vf1biwWZ29aARiVYLx7iMGnEUl9x33fbB/j3jR81u/O2LbqK+Bm1CDSNDKVtJ/YjwY7TUd5SkeLQLw=="
    },
    "is-typedarray": {
      "version": "1.0.0",
      "resolved": "https://registry.npmjs.org/is-typedarray/-/is-typedarray-1.0.0.tgz",
      "integrity": "sha1-5HnICFjfDBsR3dppQPlgEfzaSpo="
    },
    "kv-idb": {
      "version": "1.1.0",
      "resolved": "https://registry.npmjs.org/kv-idb/-/kv-idb-1.1.0.tgz",
      "integrity": "sha512-H1qsvb/rZcJX573DGonc6l1hNG283JfnmBck83aiLmjI1nwaiudUinjzaWmwa8QZkjHsMUDkXm4D1k4ewjlo/g=="
    },
    "ms": {
      "version": "2.0.0",
      "resolved": "https://registry.npmjs.org/ms/-/ms-2.0.0.tgz",
      "integrity": "sha1-VgiurfwAvmwpAd9fmGF4jeDVl8g="
    },
    "nan": {
      "version": "2.13.2",
      "resolved": "https://registry.npmjs.org/nan/-/nan-2.13.2.tgz",
      "integrity": "sha512-TghvYc72wlMGMVMluVo9WRJc0mB8KxxF/gZ4YYFy7V2ZQX9l7rgbPg7vjS9mt6U5HXODVFVI2bOduCzwOMv/lw=="
    },
    "resolve-github": {
      "version": "0.1.0",
      "resolved": "https://registry.npmjs.org/resolve-github/-/resolve-github-0.1.0.tgz",
      "integrity": "sha512-BRAvOLWGgDF2UBcMAeSZzpFbYPAwgNubHdp4IpRkvwqiUGFWLpVhLlhCHq2XR3EsQ0TOys499dCRv7e5SJANZw==",
      "requires": {
        "solc-import": "0.0.2"
      }
    },
    "resolve-http": {
      "version": "0.1.0",
      "resolved": "https://registry.npmjs.org/resolve-http/-/resolve-http-0.1.0.tgz",
      "integrity": "sha512-LFEbWlxDox/4Tx0h8PboomPZqALyh6vXalj3bVYSFmV98jdBmwKu0xfpBVJv11TuuPkK2RljnIiKnwm64KWZkw=="
    },
    "resolve-ipfs": {
      "version": "0.1.0",
      "resolved": "https://registry.npmjs.org/resolve-ipfs/-/resolve-ipfs-0.1.0.tgz",
      "integrity": "sha512-TLvn09WQ01AZTFoZK1aSidmdUnCxQfTuehEutF6w8kRoXw1hL3jlDw5djKJlIVADihXp2HWguZR4hZXAtLkFSw=="
    },
    "resolve-swarm": {
      "version": "0.1.0",
      "resolved": "https://registry.npmjs.org/resolve-swarm/-/resolve-swarm-0.1.0.tgz",
      "integrity": "sha512-fhI2FSkN6SLUJCWf7Svf3rW9AdSxS4KQCJzvAPSJZRmg1bPz+Ek/fRmNUkv5ihtrNiW8wury+XxQZoS+6LbHHg=="
    },
    "solc-import": {
      "version": "0.0.2",
      "resolved": "https://registry.npmjs.org/solc-import/-/solc-import-0.0.2.tgz",
      "integrity": "sha512-NQMUiz2c1xm62Q1VhgTGa2DUQWr6bIpPIJxDhg77YPfCyrq4GO/o1BP0brp9gTpNzjYODG9I2Wh8vB8eJxFjXA=="
    },
    "solc-resolver": {
      "version": "0.2.1",
      "resolved": "https://registry.npmjs.org/solc-resolver/-/solc-resolver-0.2.1.tgz",
      "integrity": "sha512-W+GXZTgrv4fmbxLRokNNrSQNxQWjX3M2I4xPKp8meiL/wnnnVOyvxYdQjyvT4LZ3DTVw2wHQMyc5hULEmat/ZA==",
      "requires": {
        "solc-import": "^0.0.1"
      },
      "dependencies": {
        "solc-import": {
          "version": "0.0.1",
          "resolved": "https://registry.npmjs.org/solc-import/-/solc-import-0.0.1.tgz",
          "integrity": "sha512-1P4abHPu7UDfQHljxedqqIVp+PE15V1RHUoZs4h8iYRNIkPle0SHk5L1KPxaakNuUq25g0h8Jy1EafLHxug7og=="
        }
      }
    },
    "solc-version": {
      "version": "0.1.6",
      "resolved": "https://registry.npmjs.org/solc-version/-/solc-version-0.1.6.tgz",
      "integrity": "sha512-oGi7NQUQJf9xFQBIkUEm2NMOWhezgSEfyR8EOBv0okdgNkKZg8LUJIJ3G1czdwgUkAQPMpVRxqCE/JK4B+cCmw==",
      "requires": {
        "ajax-caching": "^0.1.0"
      }
    },
    "solcjs-core": {
      "version": "0.2.0",
      "resolved": "https://registry.npmjs.org/solcjs-core/-/solcjs-core-0.2.0.tgz",
      "integrity": "sha512-nGnPQFmseWyALuljAWCFctTPWmKQ4m6FlRjbvCe439wWE9K/IQttACEqjeJQXGxtft/DuBhnaNygFpqUukaBQg==",
      "requires": {
        "ajax-caching": "^0.1.2",
        "solc-import": "0.0.1",
        "solc-version": "^0.1.5"
      },
      "dependencies": {
        "solc-import": {
          "version": "0.0.1",
          "resolved": "https://registry.npmjs.org/solc-import/-/solc-import-0.0.1.tgz",
          "integrity": "sha512-1P4abHPu7UDfQHljxedqqIVp+PE15V1RHUoZs4h8iYRNIkPle0SHk5L1KPxaakNuUq25g0h8Jy1EafLHxug7og=="
        }
      }
    },
    "truffle-hdwallet-provider": {
      "version": "1.0.6",
      "resolved": "https://registry.npmjs.org/truffle-hdwallet-provider/-/truffle-hdwallet-provider-1.0.6.tgz",
      "integrity": "sha512-cYTG0t9XouLLEBLMjkfHe3s2JO9wrFFVeXEgpW5Ay+8S56isf3LkrAUh0ws9bcYCJ0l7jho9xkaNnakeDqq//Q==",
      "requires": {
        "any-promise": "^1.3.0",
        "bindings": "^1.3.1",
        "websocket": "^1.0.28"
      }
    },
    "typedarray-to-buffer": {
      "version": "3.1.5",
      "resolved": "https://registry.npmjs.org/typedarray-to-buffer/-/typedarray-to-buffer-3.1.5.tgz",
      "integrity": "sha512-zdu8XMNEDepKKR+XYOXAVPtWui0ly0NtohUscw+UmaHiAWT8hrV1rr//H6V+0DvJ3OQ19S979M0laLfX8rm82Q==",
      "requires": {
        "is-typedarray": "^1.0.0"
      }
    },
    "websocket": {
      "version": "1.0.28",
      "resolved": "https://registry.npmjs.org/websocket/-/websocket-1.0.28.tgz",
      "integrity": "sha512-00y/20/80P7H4bCYkzuuvvfDvh+dgtXi5kzDf3UcZwN6boTYaKvsrtZ5lIYm1Gsg48siMErd9M4zjSYfYFHTrA==",
      "requires": {
        "debug": "^2.2.0",
        "nan": "^2.11.0",
        "typedarray-to-buffer": "^3.1.5",
        "yaeti": "^0.0.6"
      }
    },
    "yaeti": {
      "version": "0.0.6",
      "resolved": "https://registry.npmjs.org/yaeti/-/yaeti-0.0.6.tgz",
      "integrity": "sha1-8m9ITXJoTPQr7ft2lwqhYI+/lXc="
    }
  }
}
